
Microsoft Visual Studio Solution File, Format Version 12.00
# Visual Studio Version 16
VisualStudioVersion = 16.0.30330.147
MinimumVisualStudioVersion = 10.0.40219.1
Project("{FAE04EC0-301F-11D3-BF4B-00C04F79EFBC}") = "TareaLINQ", "TareaLINQ\TareaLINQ.csproj", "{2A4CC90F-E6E1-4E5C-99C9-99EE4D41650C}"
EndProject
Global
	GlobalSection(SolutionConfigurationPlatforms) = preSolution
		Debug|Any CPU = Debug|Any CPU
		Release|Any CPU = Release|Any CPU
	EndGlobalSection
	GlobalSection(ProjectConfigurationPlatforms) = postSolution
		{2A4CC90F-E6E1-4E5C-99C9-99EE4D41650C}.Debug|Any CPU.ActiveCfg = Debug|Any CPU
		{2A4CC90F-E6E1-4E5C-99C9-99EE4D41650C}.Debug|Any CPU.Build.0 = Debug|Any CPU
		{2A4CC90F-E6E1-4E5C-99C9-99EE4D41650C}.Release|Any CPU.ActiveCfg = Release|Any CPU
		{2A4CC90F-E6E1-4E5C-99C9-99EE4D41650C}.Release|Any CPU.Build.0 = Release|Any CPU
	EndGlobalSection
	GlobalSection(SolutionProperties) = preSolution
		HideSolutionNode = FALSE
	EndGlobalSection
	GlobalSection(ExtensibilityGlobals) = postSolution
		SolutionGuid = {834BF43D-AC26-46EF-BD67-16D1B40E01B5}
	EndGlobalSection
EndGlobal
